
Microsoft Visual Studio Solution File, Format Version 12.00
# Visual Studio Version 17
VisualStudioVersion = 17.0.31903.59
MinimumVisualStudioVersion = 10.0.40219.1
Project("{2150E333-8FDC-42A3-9474-1A3956D46DE8}") = "src", "src", "{827E0CD3-B72D-47B6-A68D-7590B98EB39B}"
EndProject
Project("{FAE04EC0-301F-11D3-BF4B-00C04F79EFBC}") = "Resolver.Athena", "src\Resolver.Athena\Resolver.Athena.csproj", "{3A49EDCB-F787-44FE-93FF-8FF02EE54EFA}"
EndProject
Project("{2150E333-8FDC-42A3-9474-1A3956D46DE8}") = "Resolver.Athena.Grpc", "Resolver.Athena.Grpc", "{FE9DFDA1-D7ED-3672-7903-6A70D3F28750}"
EndProject
Project("{2150E333-8FDC-42A3-9474-1A3956D46DE8}") = "Models", "Models", "{000F6D65-6FEF-8F14-C78B-8CD136F17011}"
EndProject
Project("{FAE04EC0-301F-11D3-BF4B-00C04F79EFBC}") = "Resolver.Athena.Grpc.Models", "src\Resolver.Athena.Grpc\Models\Resolver.Athena.Grpc.Models.csproj", "{F4AA25DD-4E66-4F1B-AD4F-902E05CDB880}"
EndProject
Project("{2150E333-8FDC-42A3-9474-1A3956D46DE8}") = "Client", "Client", "{74BB3574-0445-5C7A-753A-37F6CFC91497}"
EndProject
Project("{FAE04EC0-301F-11D3-BF4B-00C04F79EFBC}") = "Resolver.Athena.Grpc.Client", "src\Resolver.Athena.Grpc\Client\Resolver.Athena.Grpc.Client.csproj", "{D20A91C8-652B-4F49-AA16-D8AFA0AF2B3C}"
EndProject
Project("{2150E333-8FDC-42A3-9474-1A3956D46DE8}") = "Server", "Server", "{3E0E0D19-CBEF-98A9-019B-12E0A6FFC41F}"
EndProject
Project("{FAE04EC0-301F-11D3-BF4B-00C04F79EFBC}") = "Resolver.Athena.Grpc.Server", "src\Resolver.Athena.Grpc\Server\Resolver.Athena.Grpc.Server.csproj", "{EC0D2FB3-4ECA-4A59-B47E-F4F95101B323}"
EndProject
Project("{2150E333-8FDC-42A3-9474-1A3956D46DE8}") = "test", "test", "{0C88DD14-F956-CE84-757C-A364CCF449FC}"
EndProject
Project("{FAE04EC0-301F-11D3-BF4B-00C04F79EFBC}") = "Resolver.Athena.Tests", "test\Resolver.Athena.Tests\Resolver.Athena.Tests.csproj", "{8F3E6DFC-4F99-40C6-A669-461D564DDF39}"
EndProject
Project("{2150E333-8FDC-42A3-9474-1A3956D46DE8}") = "examples", "examples", "{B36A84DF-456D-A817-6EDD-3EC3E7F6E11F}"
EndProject
Project("{FAE04EC0-301F-11D3-BF4B-00C04F79EFBC}") = "SimpleClient", "examples\SimpleClient\SimpleClient.csproj", "{B6E11FA2-F518-44EF-A999-4CE2625626E5}"
EndProject
Global
	GlobalSection(SolutionConfigurationPlatforms) = preSolution
		Debug|Any CPU = Debug|Any CPU
		Debug|x64 = Debug|x64
		Debug|x86 = Debug|x86
		Release|Any CPU = Release|Any CPU
		Release|x64 = Release|x64
		Release|x86 = Release|x86
	EndGlobalSection
	GlobalSection(ProjectConfigurationPlatforms) = postSolution
		{3A49EDCB-F787-44FE-93FF-8FF02EE54EFA}.Debug|Any CPU.ActiveCfg = Debug|Any CPU
		{3A49EDCB-F787-44FE-93FF-8FF02EE54EFA}.Debug|Any CPU.Build.0 = Debug|Any CPU
		{3A49EDCB-F787-44FE-93FF-8FF02EE54EFA}.Debug|x64.ActiveCfg = Debug|Any CPU
		{3A49EDCB-F787-44FE-93FF-8FF02EE54EFA}.Debug|x64.Build.0 = Debug|Any CPU
		{3A49EDCB-F787-44FE-93FF-8FF02EE54EFA}.Debug|x86.ActiveCfg = Debug|Any CPU
		{3A49EDCB-F787-44FE-93FF-8FF02EE54EFA}.Debug|x86.Build.0 = Debug|Any CPU
		{3A49EDCB-F787-44FE-93FF-8FF02EE54EFA}.Release|Any CPU.ActiveCfg = Release|Any CPU
		{3A49EDCB-F787-44FE-93FF-8FF02EE54EFA}.Release|Any CPU.Build.0 = Release|Any CPU
		{3A49EDCB-F787-44FE-93FF-8FF02EE54EFA}.Release|x64.ActiveCfg = Release|Any CPU
		{3A49EDCB-F787-44FE-93FF-8FF02EE54EFA}.Release|x64.Build.0 = Release|Any CPU
		{3A49EDCB-F787-44FE-93FF-8FF02EE54EFA}.Release|x86.ActiveCfg = Release|Any CPU
		{3A49EDCB-F787-44FE-93FF-8FF02EE54EFA}.Release|x86.Build.0 = Release|Any CPU
		{F4AA25DD-4E66-4F1B-AD4F-902E05CDB880}.Debug|Any CPU.ActiveCfg = Debug|Any CPU
		{F4AA25DD-4E66-4F1B-AD4F-902E05CDB880}.Debug|Any CPU.Build.0 = Debug|Any CPU
		{F4AA25DD-4E66-4F1B-AD4F-902E05CDB880}.Debug|x64.ActiveCfg = Debug|Any CPU
		{F4AA25DD-4E66-4F1B-AD4F-902E05CDB880}.Debug|x64.Build.0 = Debug|Any CPU
		{F4AA25DD-4E66-4F1B-AD4F-902E05CDB880}.Debug|x86.ActiveCfg = Debug|Any CPU
		{F4AA25DD-4E66-4F1B-AD4F-902E05CDB880}.Debug|x86.Build.0 = Debug|Any CPU
		{F4AA25DD-4E66-4F1B-AD4F-902E05CDB880}.Release|Any CPU.ActiveCfg = Release|Any CPU
		{F4AA25DD-4E66-4F1B-AD4F-902E05CDB880}.Release|Any CPU.Build.0 = Release|Any CPU
		{F4AA25DD-4E66-4F1B-AD4F-902E05CDB880}.Release|x64.ActiveCfg = Release|Any CPU
		{F4AA25DD-4E66-4F1B-AD4F-902E05CDB880}.Release|x64.Build.0 = Release|Any CPU
		{F4AA25DD-4E66-4F1B-AD4F-902E05CDB880}.Release|x86.ActiveCfg = Release|Any CPU
		{F4AA25DD-4E66-4F1B-AD4F-902E05CDB880}.Release|x86.Build.0 = Release|Any CPU
		{D20A91C8-652B-4F49-AA16-D8AFA0AF2B3C}.Debug|Any CPU.ActiveCfg = Debug|Any CPU
		{D20A91C8-652B-4F49-AA16-D8AFA0AF2B3C}.Debug|Any CPU.Build.0 = Debug|Any CPU
		{D20A91C8-652B-4F49-AA16-D8AFA0AF2B3C}.Debug|x64.ActiveCfg = Debug|Any CPU
		{D20A91C8-652B-4F49-AA16-D8AFA0AF2B3C}.Debug|x64.Build.0 = Debug|Any CPU
		{D20A91C8-652B-4F49-AA16-D8AFA0AF2B3C}.Debug|x86.ActiveCfg = Debug|Any CPU
		{D20A91C8-652B-4F49-AA16-D8AFA0AF2B3C}.Debug|x86.Build.0 = Debug|Any CPU
		{D20A91C8-652B-4F49-AA16-D8AFA0AF2B3C}.Release|Any CPU.ActiveCfg = Release|Any CPU
		{D20A91C8-652B-4F49-AA16-D8AFA0AF2B3C}.Release|Any CPU.Build.0 = Release|Any CPU
		{D20A91C8-652B-4F49-AA16-D8AFA0AF2B3C}.Release|x64.ActiveCfg = Release|Any CPU
		{D20A91C8-652B-4F49-AA16-D8AFA0AF2B3C}.Release|x64.Build.0 = Release|Any CPU
		{D20A91C8-652B-4F49-AA16-D8AFA0AF2B3C}.Release|x86.ActiveCfg = Release|Any CPU
		{D20A91C8-652B-4F49-AA16-D8AFA0AF2B3C}.Release|x86.Build.0 = Release|Any CPU
		{EC0D2FB3-4ECA-4A59-B47E-F4F95101B323}.Debug|Any CPU.ActiveCfg = Debug|Any CPU
		{EC0D2FB3-4ECA-4A59-B47E-F4F95101B323}.Debug|Any CPU.Build.0 = Debug|Any CPU
		{EC0D2FB3-4ECA-4A59-B47E-F4F95101B323}.Debug|x64.ActiveCfg = Debug|Any CPU
		{EC0D2FB3-4ECA-4A59-B47E-F4F95101B323}.Debug|x64.Build.0 = Debug|Any CPU
		{EC0D2FB3-4ECA-4A59-B47E-F4F95101B323}.Debug|x86.ActiveCfg = Debug|Any CPU
		{EC0D2FB3-4ECA-4A59-B47E-F4F95101B323}.Debug|x86.Build.0 = Debug|Any CPU
		{EC0D2FB3-4ECA-4A59-B47E-F4F95101B323}.Release|Any CPU.ActiveCfg = Release|Any CPU
		{EC0D2FB3-4ECA-4A59-B47E-F4F95101B323}.Release|Any CPU.Build.0 = Release|Any CPU
		{EC0D2FB3-4ECA-4A59-B47E-F4F95101B323}.Release|x64.ActiveCfg = Release|Any CPU
		{EC0D2FB3-4ECA-4A59-B47E-F4F95101B323}.Release|x64.Build.0 = Release|Any CPU
		{EC0D2FB3-4ECA-4A59-B47E-F4F95101B323}.Release|x86.ActiveCfg = Release|Any CPU
		{EC0D2FB3-4ECA-4A59-B47E-F4F95101B323}.Release|x86.Build.0 = Release|Any CPU
		{8F3E6DFC-4F99-40C6-A669-461D564DDF39}.Debug|Any CPU.ActiveCfg = Debug|Any CPU
		{8F3E6DFC-4F99-40C6-A669-461D564DDF39}.Debug|Any CPU.Build.0 = Debug|Any CPU
		{8F3E6DFC-4F99-40C6-A669-461D564DDF39}.Debug|x64.ActiveCfg = Debug|Any CPU
		{8F3E6DFC-4F99-40C6-A669-461D564DDF39}.Debug|x64.Build.0 = Debug|Any CPU
		{8F3E6DFC-4F99-40C6-A669-461D564DDF39}.Debug|x86.ActiveCfg = Debug|Any CPU
		{8F3E6DFC-4F99-40C6-A669-461D564DDF39}.Debug|x86.Build.0 = Debug|Any CPU
		{8F3E6DFC-4F99-40C6-A669-461D564DDF39}.Release|Any CPU.ActiveCfg = Release|Any CPU
		{8F3E6DFC-4F99-40C6-A669-461D564DDF39}.Release|Any CPU.Build.0 = Release|Any CPU
		{8F3E6DFC-4F99-40C6-A669-461D564DDF39}.Release|x64.ActiveCfg = Release|Any CPU
		{8F3E6DFC-4F99-40C6-A669-461D564DDF39}.Release|x64.Build.0 = Release|Any CPU
		{8F3E6DFC-4F99-40C6-A669-461D564DDF39}.Release|x86.ActiveCfg = Release|Any CPU
		{8F3E6DFC-4F99-40C6-A669-461D564DDF39}.Release|x86.Build.0 = Release|Any CPU
		{B6E11FA2-F518-44EF-A999-4CE2625626E5}.Debug|Any CPU.ActiveCfg = Debug|Any CPU
		{B6E11FA2-F518-44EF-A999-4CE2625626E5}.Debug|Any CPU.Build.0 = Debug|Any CPU
		{B6E11FA2-F518-44EF-A999-4CE2625626E5}.Debug|x64.ActiveCfg = Debug|Any CPU
		{B6E11FA2-F518-44EF-A999-4CE2625626E5}.Debug|x64.Build.0 = Debug|Any CPU
		{B6E11FA2-F518-44EF-A999-4CE2625626E5}.Debug|x86.ActiveCfg = Debug|Any CPU
		{B6E11FA2-F518-44EF-A999-4CE2625626E5}.Debug|x86.Build.0 = Debug|Any CPU
		{B6E11FA2-F518-44EF-A999-4CE2625626E5}.Release|Any CPU.ActiveCfg = Release|Any CPU
		{B6E11FA2-F518-44EF-A999-4CE2625626E5}.Release|Any CPU.Build.0 = Release|Any CPU
		{B6E11FA2-F518-44EF-A999-4CE2625626E5}.Release|x64.ActiveCfg = Release|Any CPU
		{B6E11FA2-F518-44EF-A999-4CE2625626E5}.Release|x64.Build.0 = Release|Any CPU
		{B6E11FA2-F518-44EF-A999-4CE2625626E5}.Release|x86.ActiveCfg = Release|Any CPU
		{B6E11FA2-F518-44EF-A999-4CE2625626E5}.Release|x86.Build.0 = Release|Any CPU
	EndGlobalSection
	GlobalSection(SolutionProperties) = preSolution
		HideSolutionNode = FALSE
	EndGlobalSection
	GlobalSection(NestedProjects) = preSolution
		{3A49EDCB-F787-44FE-93FF-8FF02EE54EFA} = {827E0CD3-B72D-47B6-A68D-7590B98EB39B}
		{FE9DFDA1-D7ED-3672-7903-6A70D3F28750} = {827E0CD3-B72D-47B6-A68D-7590B98EB39B}
		{000F6D65-6FEF-8F14-C78B-8CD136F17011} = {FE9DFDA1-D7ED-3672-7903-6A70D3F28750}
		{F4AA25DD-4E66-4F1B-AD4F-902E05CDB880} = {000F6D65-6FEF-8F14-C78B-8CD136F17011}
		{74BB3574-0445-5C7A-753A-37F6CFC91497} = {FE9DFDA1-D7ED-3672-7903-6A70D3F28750}
		{D20A91C8-652B-4F49-AA16-D8AFA0AF2B3C} = {74BB3574-0445-5C7A-753A-37F6CFC91497}
		{3E0E0D19-CBEF-98A9-019B-12E0A6FFC41F} = {FE9DFDA1-D7ED-3672-7903-6A70D3F28750}
		{EC0D2FB3-4ECA-4A59-B47E-F4F95101B323} = {3E0E0D19-CBEF-98A9-019B-12E0A6FFC41F}
		{8F3E6DFC-4F99-40C6-A669-461D564DDF39} = {0C88DD14-F956-CE84-757C-A364CCF449FC}
		{B6E11FA2-F518-44EF-A999-4CE2625626E5} = {B36A84DF-456D-A817-6EDD-3EC3E7F6E11F}
	EndGlobalSection
EndGlobal
